{
  "nodes": {
    "deploy-rs": {
      "inputs": {
        "naersk": "naersk",
        "nixpkgs": "nixpkgs_2",
        "utils": "utils"
      },
      "locked": {
        "lastModified": 1601952901,
        "narHash": "sha256-6U0JIlh6GLqkxdyUiVRbph9k1lVCtWLno2uM/Fd/ZzI=",
        "owner": "serokell",
        "repo": "deploy-rs",
        "rev": "1de1ad5ff893bfcabdf2bfa20d8c93a8cdbb0156",
        "type": "github"
      },
      "original": {
        "owner": "serokell",
        "repo": "deploy-rs",
        "type": "github"
      }
    },
    "naersk": {
      "inputs": {
        "nixpkgs": "nixpkgs"
      },
      "locked": {
        "lastModified": 1597138680,
        "narHash": "sha256-3pDN/W17wjVDbrkgo60xQSb24+QAPQ7ulsUq5atNni0=",
        "owner": "nmattia",
        "repo": "naersk",
        "rev": "529e910a3f423a8211f8739290014b754b2555b6",
        "type": "github"
      },
      "original": {
        "owner": "nmattia",
        "ref": "master",
        "repo": "naersk",
        "type": "github"
      }
    },
    "nixpkgs": {
      "locked": {
        "lastModified": 1601091160,
        "narHash": "sha256-26UI9LGjRO8Sv253zJZkoapP260QkJPQ2+vRyC1i+kI=",
        "owner": "NixOS",
        "repo": "nixpkgs",
        "rev": "2768436826543af2b1540e4fe6b5afa15850e155",
        "type": "github"
      },
      "original": {
        "id": "nixpkgs",
        "type": "indirect"
      }
    },
    "nixpkgs_2": {
      "locked": {
        "lastModified": 1600387253,
        "narHash": "sha256-WtdpHuiunPF9QMlcXrWJkESuIjSSjP9WMOKvYQS/D7M=",
        "owner": "NixOS",
        "repo": "nixpkgs",
        "rev": "72b9660dc18ba347f7cd41a9504fc181a6d87dc3",
        "type": "github"
      },
      "original": {
        "owner": "NixOS",
        "ref": "nixpkgs-unstable",
        "repo": "nixpkgs",
        "type": "github"
      }
    },
    "nixpkgs_3": {
      "locked": {
        "lastModified": 1592491430,
        "narHash": "sha256-7WNpr16iUyjG4caad137nCqxXNTdct202jy05lslZXA=",
        "owner": "NixOS",
        "repo": "nixpkgs",
        "rev": "07299ff81e58e16b282fe602ce5e629854dfd544",
        "type": "github"
      },
      "original": {
        "id": "nixpkgs",
        "type": "indirect"
      }
    },
    "root": {
      "inputs": {
        "deploy-rs": "deploy-rs",
        "nixpkgs": "nixpkgs_3"
      }
    },
    "utils": {
      "locked": {
        "lastModified": 1600209923,
        "narHash": "sha256-zoOWauTliFEjI++esk6Jzk7QO5EKpddWXQm9yQK24iM=",
        "owner": "numtide",
        "repo": "flake-utils",
        "rev": "3cd06d3c1df6879c9e41cb2c33113df10566c760",
        "type": "github"
      },
      "original": {
        "owner": "numtide",
        "repo": "flake-utils",
        "type": "github"
      }
    }
  },
  "root": "root",
  "version": 7
}
