{
  "nodes": {
    "deploy-rs": {
      "inputs": {
        "flake-compat": "flake-compat",
        "naersk": "naersk",
        "nixpkgs": "nixpkgs",
        "utils": "utils"
      },
      "locked": {
        "lastModified": 1602454749,
        "narHash": "sha256-wSPZEl6xyqewPrNQg9k6z3DLshn2Fwha8mDv8ECWMf8=",
        "owner": "serokell",
        "repo": "deploy-rs",
        "rev": "e5bd558c5b6505621d3b5a27e9b39bf54f6788a1",
        "type": "github"
      },
      "original": {
        "owner": "serokell",
        "repo": "deploy-rs",
        "type": "github"
      }
    },
    "flake-compat": {
      "flake": false,
      "locked": {
        "lastModified": 1600853454,
        "narHash": "sha256-EgsgbcJNZ9AQLVhjhfiegGjLbO+StBY9hfKsCwc8Hw8=",
        "owner": "edolstra",
        "repo": "flake-compat",
        "rev": "94cf59784c73ecec461eaa291918eff0bfb538ac",
        "type": "github"
      },
      "original": {
        "owner": "edolstra",
        "repo": "flake-compat",
        "type": "github"
      }
    },
    "naersk": {
      "inputs": {
        "nixpkgs": [
          "nixpkgs"
        ]
      },
      "locked": {
        "lastModified": 1602173141,
        "narHash": "sha256-m6wU6lP0wf2OMw3KtJqn27ITtg29+ftciGHicLiVSGE=",
        "owner": "nmattia",
        "repo": "naersk",
        "rev": "22b96210b2433228d42bce460f3befbdcfde7520",
        "type": "github"
      },
      "original": {
        "owner": "nmattia",
        "ref": "master",
        "repo": "naersk",
        "type": "github"
      }
    },
    "nixpkgs": {
      "locked": {
        "lastModified": 1601961544,
        "narHash": "sha256-uuh9CkDWkXlXse8IcergqoIM5JffqfQDKsl1uHB7XJI=",
        "owner": "NixOS",
        "repo": "nixpkgs",
        "rev": "89281dd1dfed6839610f0ccad0c0e493606168fe",
        "type": "github"
      },
      "original": {
        "owner": "NixOS",
        "ref": "nixpkgs-unstable",
        "repo": "nixpkgs",
        "type": "github"
      }
    },
    "nixpkgs_2": {
      "locked": {
        "lastModified": 1602453019,
        "narHash": "sha256-bEzkPMG5JTFpd7xsl73/K/hZ9jBgiRKMdkpmwAG4lwI=",
        "owner": "NixOS",
        "repo": "nixpkgs",
        "rev": "a6fec75d0472670448b9708e1619fef2c36af9d5",
        "type": "github"
      },
      "original": {
        "id": "nixpkgs",
        "type": "indirect"
      }
    },
    "root": {
      "inputs": {
        "deploy-rs": "deploy-rs",
        "nixpkgs": "nixpkgs_2"
      }
    },
    "utils": {
      "locked": {
        "lastModified": 1601282935,
        "narHash": "sha256-WQAFV6sGGQxrRs3a+/Yj9xUYvhTpukQJIcMbIi7LCJ4=",
        "owner": "numtide",
        "repo": "flake-utils",
        "rev": "588973065fce51f4763287f0fda87a174d78bf48",
        "type": "github"
      },
      "original": {
        "owner": "numtide",
        "repo": "flake-utils",
        "type": "github"
      }
    }
  },
  "root": "root",
  "version": 7
}
